{
  "name": "jest-helpers",
  "version": "1.0.0",
  "lockfileVersion": 3,
  "requires": true,
  "packages": {
    "": {
      "name": "jest-helpers",
      "version": "1.0.0",
      "devDependencies": {
        "@types/node": "^20.5.7"
      }
    },
    "../../node_modules/.pnpm/@types+jest@29.5.4/node_modules/@types/jest": {
      "version": "29.5.4",
      "extraneous": true,
      "license": "MIT",
      "dependencies": {
        "expect": "^29.0.0",
        "pretty-format": "^29.0.0"
      }
    },
    "../../node_modules/.pnpm/jest@29.6.4_@types+node@20.5.7_ts-node@10.9.1/node_modules/jest": {
      "version": "29.6.4",
      "extraneous": true,
      "license": "MIT",
      "dependencies": {
        "@jest/core": "^29.6.4",
        "@jest/types": "^29.6.3",
        "import-local": "^3.0.2",
        "jest-cli": "^29.6.4"
      },
      "bin": {
        "jest": "bin/jest.js"
      },
      "devDependencies": {
        "@tsd/typescript": "^5.0.4",
        "tsd-lite": "^0.7.0"
      },
      "engines": {
        "node": "^14.15.0 || ^16.10.0 || >=18.0.0"
      },
      "peerDependencies": {
        "node-notifier": "^8.0.1 || ^9.0.0 || ^10.0.0"
      },
      "peerDependenciesMeta": {
        "node-notifier": {
          "optional": true
        }
      }
    },
    "node_modules/@types/node": {
      "version": "20.5.7",
      "resolved": "https://registry.npmjs.org/@types/node/-/node-20.5.7.tgz",
      "integrity": "sha512-dP7f3LdZIysZnmvP3ANJYTSwg+wLLl8p7RqniVlV7j+oXSXAbt9h0WIBFmJy5inWZoX9wZN6eXx+YXd9Rh3RBA==",
      "dev": true
    }
  }
}
